{
  "name": "mtg_collection_tracker",
  "lockfileVersion": 3,
  "requires": true,
  "packages": {
    "": {
      "dependencies": {
        "@vercel/sdk": "^1.10.6"
      }
    },
    "node_modules/@vercel/sdk": {
      "version": "1.10.6",
      "resolved": "https://registry.npmjs.org/@vercel/sdk/-/sdk-1.10.6.tgz",
      "integrity": "sha512-aNNA8v7A89/J10LRMgsGzRGMS+Vu1+QpFAJVMbq4n0IMkYot6ay4PT0qmC3BdU7iIjp8fWOshSICEut6aokFOg==",
      "dependencies": {
        "zod": "^3.20.0"
      },
      "bin": {
        "mcp": "bin/mcp-server.js"
      },
      "peerDependencies": {
        "@modelcontextprotocol/sdk": ">=1.5.0 <1.10.0"
      },
      "peerDependenciesMeta": {
        "@modelcontextprotocol/sdk": {
          "optional": true
        }
      }
    },
    "node_modules/zod": {
      "version": "3.25.76",
      "resolved": "https://registry.npmjs.org/zod/-/zod-3.25.76.tgz",
      "integrity": "sha512-gzUt/qt81nXsFGKIFcC3YnfEAx5NkunCfnDlvuBSSFS02bcXu4Lmea0AFIUwbLWxWPx3d9p8S5QoaujKcNQxcQ==",
      "license": "MIT",
      "funding": {
        "url": "https://github.com/sponsors/colinhacks"
      }
    }
  }
}
